
Microsoft Visual Studio Solution File, Format Version 12.00
# Visual Studio Version 16
VisualStudioVersion = 16.0.31729.503
MinimumVisualStudioVersion = 10.0.40219.1
Project("{FAE04EC0-301F-11D3-BF4B-00C04F79EFBC}") = "ShopeeBot", "ShopeeBot\ShopeeBot.csproj", "{3110CD78-0167-4F2D-8E9A-0F047EF7DC90}"
EndProject
Global
	GlobalSection(SolutionConfigurationPlatforms) = preSolution
		Debug|Any CPU = Debug|Any CPU
		Release|Any CPU = Release|Any CPU
	EndGlobalSection
	GlobalSection(ProjectConfigurationPlatforms) = postSolution
		{3110CD78-0167-4F2D-8E9A-0F047EF7DC90}.Debug|Any CPU.ActiveCfg = Debug|Any CPU
		{3110CD78-0167-4F2D-8E9A-0F047EF7DC90}.Debug|Any CPU.Build.0 = Debug|Any CPU
		{3110CD78-0167-4F2D-8E9A-0F047EF7DC90}.Release|Any CPU.ActiveCfg = Release|Any CPU
		{3110CD78-0167-4F2D-8E9A-0F047EF7DC90}.Release|Any CPU.Build.0 = Release|Any CPU
	EndGlobalSection
	GlobalSection(SolutionProperties) = preSolution
		HideSolutionNode = FALSE
	EndGlobalSection
	GlobalSection(ExtensibilityGlobals) = postSolution
		SolutionGuid = {3C99B5D5-5709-4692-B96E-533EED8F407A}
	EndGlobalSection
EndGlobal
